
Microsoft Visual Studio Solution File, Format Version 12.00
# Visual Studio Version 17
VisualStudioVersion = 17.9.34616.47
MinimumVisualStudioVersion = 10.0.40219.1
Project("{FAE04EC0-301F-11D3-BF4B-00C04F79EFBC}") = "Orders.WebAPI", "Orders.WebAPI\Orders.WebAPI.csproj", "{A5A2C84E-E1B9-41A1-A742-69CCEFD20590}"
EndProject
Global
	GlobalSection(SolutionConfigurationPlatforms) = preSolution
		Debug|Any CPU = Debug|Any CPU
		Release|Any CPU = Release|Any CPU
	EndGlobalSection
	GlobalSection(ProjectConfigurationPlatforms) = postSolution
		{A5A2C84E-E1B9-41A1-A742-69CCEFD20590}.Debug|Any CPU.ActiveCfg = Debug|Any CPU
		{A5A2C84E-E1B9-41A1-A742-69CCEFD20590}.Debug|Any CPU.Build.0 = Debug|Any CPU
		{A5A2C84E-E1B9-41A1-A742-69CCEFD20590}.Release|Any CPU.ActiveCfg = Release|Any CPU
		{A5A2C84E-E1B9-41A1-A742-69CCEFD20590}.Release|Any CPU.Build.0 = Release|Any CPU
	EndGlobalSection
	GlobalSection(SolutionProperties) = preSolution
		HideSolutionNode = FALSE
	EndGlobalSection
	GlobalSection(ExtensibilityGlobals) = postSolution
		SolutionGuid = {14FA34DD-59F9-42D3-87CD-12DB4CEE4196}
	EndGlobalSection
EndGlobal
